// !$*UTF8*$!
{
	archiveVersion = 1;
	classes = {
	};
	objectVersion = 56;
	objects = {

/* Begin PBXBuildFile section */
		B51AE2A32A8126A100F98760 /* CardView.swift in Sources */ = {isa = PBXBuildFile; fileRef = B51AE2A22A8126A100F98760 /* CardView.swift */; };
		B51AE2A62A81277F00F98760 /* CustomBackgroundView.swift in Sources */ = {isa = PBXBuildFile; fileRef = B51AE2A52A81277F00F98760 /* CustomBackgroundView.swift */; };
		B51AE2A92A8128D500F98760 /* ColorExtension.swift in Sources */ = {isa = PBXBuildFile; fileRef = B51AE2A82A8128D500F98760 /* ColorExtension.swift */; };
		B57C70F22A82733E008FA8DC /* CustomButtonView.swift in Sources */ = {isa = PBXBuildFile; fileRef = B57C70F12A82733E008FA8DC /* CustomButtonView.swift */; };
		B57C70F42A828A77008FA8DC /* GradientButtomStyle.swift in Sources */ = {isa = PBXBuildFile; fileRef = B57C70F32A828A77008FA8DC /* GradientButtomStyle.swift */; };
		B59F960A2A81219100D583E4 /* HikeApp.swift in Sources */ = {isa = PBXBuildFile; fileRef = B59F96092A81219100D583E4 /* HikeApp.swift */; };
		B59F960C2A81219100D583E4 /* ContentView.swift in Sources */ = {isa = PBXBuildFile; fileRef = B59F960B2A81219100D583E4 /* ContentView.swift */; };
		B59F960E2A81219200D583E4 /* Assets.xcassets in Resources */ = {isa = PBXBuildFile; fileRef = B59F960D2A81219200D583E4 /* Assets.xcassets */; };
		B59F96112A81219200D583E4 /* Preview Assets.xcassets in Resources */ = {isa = PBXBuildFile; fileRef = B59F96102A81219200D583E4 /* Preview Assets.xcassets */; };
		B5FF84142A8770A100DEB548 /* CustomCircleView.swift in Sources */ = {isa = PBXBuildFile; fileRef = B5FF84132A8770A100DEB548 /* CustomCircleView.swift */; };
		B5FF84162A87724300DEB548 /* MotionAnimationView.swift in Sources */ = {isa = PBXBuildFile; fileRef = B5FF84152A87724300DEB548 /* MotionAnimationView.swift */; };
		B5FF84192A88E8D000DEB548 /* SettingsView.swift in Sources */ = {isa = PBXBuildFile; fileRef = B5FF84182A88E8D000DEB548 /* SettingsView.swift */; };
		B5FF841B2A88FC1B00DEB548 /* CustomListRowView.swift in Sources */ = {isa = PBXBuildFile; fileRef = B5FF841A2A88FC1B00DEB548 /* CustomListRowView.swift */; };
/* End PBXBuildFile section */

/* Begin PBXFileReference section */
		B51AE2A22A8126A100F98760 /* CardView.swift */ = {isa = PBXFileReference; lastKnownFileType = sourcecode.swift; path = CardView.swift; sourceTree = "<group>"; };
		B51AE2A52A81277F00F98760 /* CustomBackgroundView.swift */ = {isa = PBXFileReference; lastKnownFileType = sourcecode.swift; path = CustomBackgroundView.swift; sourceTree = "<group>"; };
		B51AE2A82A8128D500F98760 /* ColorExtension.swift */ = {isa = PBXFileReference; lastKnownFileType = sourcecode.swift; path = ColorExtension.swift; sourceTree = "<group>"; };
		B57C70F12A82733E008FA8DC /* CustomButtonView.swift */ = {isa = PBXFileReference; lastKnownFileType = sourcecode.swift; path = CustomButtonView.swift; sourceTree = "<group>"; };
		B57C70F32A828A77008FA8DC /* GradientButtomStyle.swift */ = {isa = PBXFileReference; lastKnownFileType = sourcecode.swift; path = GradientButtomStyle.swift; sourceTree = "<group>"; };
		B59F96062A81219100D583E4 /* Hike.app */ = {isa = PBXFileReference; explicitFileType = wrapper.application; includeInIndex = 0; path = Hike.app; sourceTree = BUILT_PRODUCTS_DIR; };
		B59F96092A81219100D583E4 /* HikeApp.swift */ = {isa = PBXFileReference; lastKnownFileType = sourcecode.swift; path = HikeApp.swift; sourceTree = "<group>"; };
		B59F960B2A81219100D583E4 /* ContentView.swift */ = {isa = PBXFileReference; lastKnownFileType = sourcecode.swift; path = ContentView.swift; sourceTree = "<group>"; };
		B59F960D2A81219200D583E4 /* Assets.xcassets */ = {isa = PBXFileReference; lastKnownFileType = folder.assetcatalog; path = Assets.xcassets; sourceTree = "<group>"; };
		B59F96102A81219200D583E4 /* Preview Assets.xcassets */ = {isa = PBXFileReference; lastKnownFileType = folder.assetcatalog; path = "Preview Assets.xcassets"; sourceTree = "<group>"; };
		B5FF84132A8770A100DEB548 /* CustomCircleView.swift */ = {isa = PBXFileReference; lastKnownFileType = sourcecode.swift; path = CustomCircleView.swift; sourceTree = "<group>"; };
		B5FF84152A87724300DEB548 /* MotionAnimationView.swift */ = {isa = PBXFileReference; lastKnownFileType = sourcecode.swift; path = MotionAnimationView.swift; sourceTree = "<group>"; };
		B5FF84182A88E8D000DEB548 /* SettingsView.swift */ = {isa = PBXFileReference; lastKnownFileType = sourcecode.swift; path = SettingsView.swift; sourceTree = "<group>"; };
		B5FF841A2A88FC1B00DEB548 /* CustomListRowView.swift */ = {isa = PBXFileReference; lastKnownFileType = sourcecode.swift; path = CustomListRowView.swift; sourceTree = "<group>"; };
/* End PBXFileReference section */

/* Begin PBXFrameworksBuildPhase section */
		B59F96032A81219100D583E4 /* Frameworks */ = {
			isa = PBXFrameworksBuildPhase;
			buildActionMask = 2147483647;
			files = (
			);
			runOnlyForDeploymentPostprocessing = 0;
		};
/* End PBXFrameworksBuildPhase section */

/* Begin PBXGroup section */
		B51AE2A42A81274B00F98760 /* Component */ = {
			isa = PBXGroup;
			children = (
				B51AE2A22A8126A100F98760 /* CardView.swift */,
				B51AE2A52A81277F00F98760 /* CustomBackgroundView.swift */,
				B57C70F12A82733E008FA8DC /* CustomButtonView.swift */,
				B5FF84132A8770A100DEB548 /* CustomCircleView.swift */,
				B5FF84152A87724300DEB548 /* MotionAnimationView.swift */,
				B5FF841A2A88FC1B00DEB548 /* CustomListRowView.swift */,
			);
			path = Component;
			sourceTree = "<group>";
		};
		B51AE2A72A8128C300F98760 /* Utility */ = {
			isa = PBXGroup;
			children = (
				B57C70F32A828A77008FA8DC /* GradientButtomStyle.swift */,
				B51AE2A82A8128D500F98760 /* ColorExtension.swift */,
			);
			path = Utility;
			sourceTree = "<group>";
		};
		B59F95FD2A81219100D583E4 = {
			isa = PBXGroup;
			children = (
				B59F96082A81219100D583E4 /* Hike */,
				B59F96072A81219100D583E4 /* Products */,
			);
			sourceTree = "<group>";
		};
		B59F96072A81219100D583E4 /* Products */ = {
			isa = PBXGroup;
			children = (
				B59F96062A81219100D583E4 /* Hike.app */,
			);
			name = Products;
			sourceTree = "<group>";
		};
		B59F96082A81219100D583E4 /* Hike */ = {
			isa = PBXGroup;
			children = (
				B5FF84172A88E8B900DEB548 /* Screen */,
				B51AE2A72A8128C300F98760 /* Utility */,
				B59F96092A81219100D583E4 /* HikeApp.swift */,
				B59F960B2A81219100D583E4 /* ContentView.swift */,
				B51AE2A42A81274B00F98760 /* Component */,
				B59F960D2A81219200D583E4 /* Assets.xcassets */,
				B59F960F2A81219200D583E4 /* Preview Content */,
			);
			path = Hike;
			sourceTree = "<group>";
		};
		B59F960F2A81219200D583E4 /* Preview Content */ = {
			isa = PBXGroup;
			children = (
				B59F96102A81219200D583E4 /* Preview Assets.xcassets */,
			);
			path = "Preview Content";
			sourceTree = "<group>";
		};
		B5FF84172A88E8B900DEB548 /* Screen */ = {
			isa = PBXGroup;
			children = (
				B5FF84182A88E8D000DEB548 /* SettingsView.swift */,
			);
			path = Screen;
			sourceTree = "<group>";
		};
/* End PBXGroup section */

/* Begin PBXNativeTarget section */
		B59F96052A81219100D583E4 /* Hike */ = {
			isa = PBXNativeTarget;
			buildConfigurationList = B59F96142A81219200D583E4 /* Build configuration list for PBXNativeTarget "Hike" */;
			buildPhases = (
				B59F96022A81219100D583E4 /* Sources */,
				B59F96032A81219100D583E4 /* Frameworks */,
				B59F96042A81219100D583E4 /* Resources */,
			);
			buildRules = (
			);
			dependencies = (
			);
			name = Hike;
			productName = Hike;
			productReference = B59F96062A81219100D583E4 /* Hike.app */;
			productType = "com.apple.product-type.application";
		};
/* End PBXNativeTarget section */

/* Begin PBXProject section */
		B59F95FE2A81219100D583E4 /* Project object */ = {
			isa = PBXProject;
			attributes = {
				BuildIndependentTargetsInParallel = 1;
				LastSwiftUpdateCheck = 1430;
				LastUpgradeCheck = 1430;
				TargetAttributes = {
					B59F96052A81219100D583E4 = {
						CreatedOnToolsVersion = 14.3.1;
					};
				};
			};
			buildConfigurationList = B59F96012A81219100D583E4 /* Build configuration list for PBXProject "Hike" */;
			compatibilityVersion = "Xcode 14.0";
			developmentRegion = en;
			hasScannedForEncodings = 0;
			knownRegions = (
				en,
				Base,
			);
			mainGroup = B59F95FD2A81219100D583E4;
			productRefGroup = B59F96072A81219100D583E4 /* Products */;
			projectDirPath = "";
			projectRoot = "";
			targets = (
				B59F96052A81219100D583E4 /* Hike */,
			);
		};
/* End PBXProject section */

/* Begin PBXResourcesBuildPhase section */
		B59F96042A81219100D583E4 /* Resources */ = {
			isa = PBXResourcesBuildPhase;
			buildActionMask = 2147483647;
			files = (
				B59F96112A81219200D583E4 /* Preview Assets.xcassets in Resources */,
				B59F960E2A81219200D583E4 /* Assets.xcassets in Resources */,
			);
			runOnlyForDeploymentPostprocessing = 0;
		};
/* End PBXResourcesBuildPhase section */

/* Begin PBXSourcesBuildPhase section */
		B59F96022A81219100D583E4 /* Sources */ = {
			isa = PBXSourcesBuildPhase;
			buildActionMask = 2147483647;
			files = (
				B59F960C2A81219100D583E4 /* ContentView.swift in Sources */,
				B5FF84142A8770A100DEB548 /* CustomCircleView.swift in Sources */,
				B5FF841B2A88FC1B00DEB548 /* CustomListRowView.swift in Sources */,
				B51AE2A32A8126A100F98760 /* CardView.swift in Sources */,
				B59F960A2A81219100D583E4 /* HikeApp.swift in Sources */,
				B57C70F22A82733E008FA8DC /* CustomButtonView.swift in Sources */,
				B5FF84192A88E8D000DEB548 /* SettingsView.swift in Sources */,
				B51AE2A62A81277F00F98760 /* CustomBackgroundView.swift in Sources */,
				B5FF84162A87724300DEB548 /* MotionAnimationView.swift in Sources */,
				B57C70F42A828A77008FA8DC /* GradientButtomStyle.swift in Sources */,
				B51AE2A92A8128D500F98760 /* ColorExtension.swift in Sources */,
			);
			runOnlyForDeploymentPostprocessing = 0;
		};
/* End PBXSourcesBuildPhase section */

/* Begin XCBuildConfiguration section */
		B59F96122A81219200D583E4 /* Debug */ = {
			isa = XCBuildConfiguration;
			buildSettings = {
				ALWAYS_SEARCH_USER_PATHS = NO;
				CLANG_ANALYZER_NONNULL = YES;
				CLANG_ANALYZER_NUMBER_OBJECT_CONVERSION = YES_AGGRESSIVE;
				CLANG_CXX_LANGUAGE_STANDARD = "gnu++20";
				CLANG_ENABLE_MODULES = YES;
				CLANG_ENABLE_OBJC_ARC = YES;
				CLANG_ENABLE_OBJC_WEAK = YES;
				CLANG_WARN_BLOCK_CAPTURE_AUTORELEASING = YES;
				CLANG_WARN_BOOL_CONVERSION = YES;
				CLANG_WARN_COMMA = YES;
				CLANG_WARN_CONSTANT_CONVERSION = YES;
				CLANG_WARN_DEPRECATED_OBJC_IMPLEMENTATIONS = YES;
				CLANG_WARN_DIRECT_OBJC_ISA_USAGE = YES_ERROR;
				CLANG_WARN_DOCUMENTATION_COMMENTS = YES;
				CLANG_WARN_EMPTY_BODY = YES;
				CLANG_WARN_ENUM_CONVERSION = YES;
				CLANG_WARN_INFINITE_RECURSION = YES;
				CLANG_WARN_INT_CONVERSION = YES;
				CLANG_WARN_NON_LITERAL_NULL_CONVERSION = YES;
				CLANG_WARN_OBJC_IMPLICIT_RETAIN_SELF = YES;
				CLANG_WARN_OBJC_LITERAL_CONVERSION = YES;
				CLANG_WARN_OBJC_ROOT_CLASS = YES_ERROR;
				CLANG_WARN_QUOTED_INCLUDE_IN_FRAMEWORK_HEADER = YES;
				CLANG_WARN_RANGE_LOOP_ANALYSIS = YES;
				CLANG_WARN_STRICT_PROTOTYPES = YES;
				CLANG_WARN_SUSPICIOUS_MOVE = YES;
				CLANG_WARN_UNGUARDED_AVAILABILITY = YES_AGGRESSIVE;
				CLANG_WARN_UNREACHABLE_CODE = YES;
				CLANG_WARN__DUPLICATE_METHOD_MATCH = YES;
				COPY_PHASE_STRIP = NO;
				DEBUG_INFORMATION_FORMAT = dwarf;
				ENABLE_STRICT_OBJC_MSGSEND = YES;
				ENABLE_TESTABILITY = YES;
				GCC_C_LANGUAGE_STANDARD = gnu11;
				GCC_DYNAMIC_NO_PIC = NO;
				GCC_NO_COMMON_BLOCKS = YES;
				GCC_OPTIMIZATION_LEVEL = 0;
				GCC_PREPROCESSOR_DEFINITIONS = (
					"DEBUG=1",
					"$(inherited)",
				);
				GCC_WARN_64_TO_32_BIT_CONVERSION = YES;
				GCC_WARN_ABOUT_RETURN_TYPE = YES_ERROR;
				GCC_WARN_UNDECLARED_SELECTOR = YES;
				GCC_WARN_UNINITIALIZED_AUTOS = YES_AGGRESSIVE;
				GCC_WARN_UNUSED_FUNCTION = YES;
				GCC_WARN_UNUSED_VARIABLE = YES;
				IPHONEOS_DEPLOYMENT_TARGET = 16.4;
				MTL_ENABLE_DEBUG_INFO = INCLUDE_SOURCE;
				MTL_FAST_MATH = YES;
				ONLY_ACTIVE_ARCH = YES;
				SDKROOT = iphoneos;
				SWIFT_ACTIVE_COMPILATION_CONDITIONS = DEBUG;
				SWIFT_OPTIMIZATION_LEVEL = "-Onone";
			};
			name = Debug;
		};
		B59F96132A81219200D583E4 /* Release */ = {
			isa = XCBuildConfiguration;
			buildSettings = {
				ALWAYS_SEARCH_USER_PATHS = NO;
				CLANG_ANALYZER_NONNULL = YES;
				CLANG_ANALYZER_NUMBER_OBJECT_CONVERSION = YES_AGGRESSIVE;
				CLANG_CXX_LANGUAGE_STANDARD = "gnu++20";
				CLANG_ENABLE_MODULES = YES;
				CLANG_ENABLE_OBJC_ARC = YES;
				CLANG_ENABLE_OBJC_WEAK = YES;
				CLANG_WARN_BLOCK_CAPTURE_AUTORELEASING = YES;
				CLANG_WARN_BOOL_CONVERSION = YES;
				CLANG_WARN_COMMA = YES;
				CLANG_WARN_CONSTANT_CONVERSION = YES;
				CLANG_WARN_DEPRECATED_OBJC_IMPLEMENTATIONS = YES;
				CLANG_WARN_DIRECT_OBJC_ISA_USAGE = YES_ERROR;
				CLANG_WARN_DOCUMENTATION_COMMENTS = YES;
				CLANG_WARN_EMPTY_BODY = YES;
				CLANG_WARN_ENUM_CONVERSION = YES;
				CLANG_WARN_INFINITE_RECURSION = YES;
				CLANG_WARN_INT_CONVERSION = YES;
				CLANG_WARN_NON_LITERAL_NULL_CONVERSION = YES;
				CLANG_WARN_OBJC_IMPLICIT_RETAIN_SELF = YES;
				CLANG_WARN_OBJC_LITERAL_CONVERSION = YES;
				CLANG_WARN_OBJC_ROOT_CLASS = YES_ERROR;
				CLANG_WARN_QUOTED_INCLUDE_IN_FRAMEWORK_HEADER = YES;
				CLANG_WARN_RANGE_LOOP_ANALYSIS = YES;
				CLANG_WARN_STRICT_PROTOTYPES = YES;
				CLANG_WARN_SUSPICIOUS_MOVE = YES;
				CLANG_WARN_UNGUARDED_AVAILABILITY = YES_AGGRESSIVE;
				CLANG_WARN_UNREACHABLE_CODE = YES;
				CLANG_WARN__DUPLICATE_METHOD_MATCH = YES;
				COPY_PHASE_STRIP = NO;
				DEBUG_INFORMATION_FORMAT = "dwarf-with-dsym";
				ENABLE_NS_ASSERTIONS = NO;
				ENABLE_STRICT_OBJC_MSGSEND = YES;
				GCC_C_LANGUAGE_STANDARD = gnu11;
				GCC_NO_COMMON_BLOCKS = YES;
				GCC_WARN_64_TO_32_BIT_CONVERSION = YES;
				GCC_WARN_ABOUT_RETURN_TYPE = YES_ERROR;
				GCC_WARN_UNDECLARED_SELECTOR = YES;
				GCC_WARN_UNINITIALIZED_AUTOS = YES_AGGRESSIVE;
				GCC_WARN_UNUSED_FUNCTION = YES;
				GCC_WARN_UNUSED_VARIABLE = YES;
				IPHONEOS_DEPLOYMENT_TARGET = 16.4;
				MTL_ENABLE_DEBUG_INFO = NO;
				MTL_FAST_MATH = YES;
				SDKROOT = iphoneos;
				SWIFT_COMPILATION_MODE = wholemodule;
				SWIFT_OPTIMIZATION_LEVEL = "-O";
				VALIDATE_PRODUCT = YES;
			};
			name = Release;
		};
		B59F96152A81219200D583E4 /* Debug */ = {
			isa = XCBuildConfiguration;
			buildSettings = {
				ASSETCATALOG_COMPILER_APPICON_NAME = AppIcon;
				ASSETCATALOG_COMPILER_GLOBAL_ACCENT_COLOR_NAME = AccentColor;
				CODE_SIGN_STYLE = Automatic;
				CURRENT_PROJECT_VERSION = 1;
				DEVELOPMENT_ASSET_PATHS = "\"Hike/Preview Content\"";
				DEVELOPMENT_TEAM = 4HPQY9M97K;
				ENABLE_PREVIEWS = YES;
				GENERATE_INFOPLIST_FILE = YES;
				INFOPLIST_KEY_UIApplicationSceneManifest_Generation = YES;
				INFOPLIST_KEY_UIApplicationSupportsIndirectInputEvents = YES;
				INFOPLIST_KEY_UILaunchScreen_Generation = YES;
				INFOPLIST_KEY_UISupportedInterfaceOrientations_iPad = "UIInterfaceOrientationPortrait UIInterfaceOrientationPortraitUpsideDown UIInterfaceOrientationLandscapeLeft UIInterfaceOrientationLandscapeRight";
				INFOPLIST_KEY_UISupportedInterfaceOrientations_iPhone = "UIInterfaceOrientationPortrait UIInterfaceOrientationLandscapeLeft UIInterfaceOrientationLandscapeRight";
				LD_RUNPATH_SEARCH_PATHS = (
					"$(inherited)",
					"@executable_path/Frameworks",
				);
				MARKETING_VERSION = 1.0;
				PRODUCT_BUNDLE_IDENTIFIER = com.hslab.Hike;
				PRODUCT_NAME = "$(TARGET_NAME)";
				SWIFT_EMIT_LOC_STRINGS = YES;
				SWIFT_VERSION = 5.0;
				TARGETED_DEVICE_FAMILY = "1,2";
			};
			name = Debug;
		};
		B59F96162A81219200D583E4 /* Release */ = {
			isa = XCBuildConfiguration;
			buildSettings = {
				ASSETCATALOG_COMPILER_APPICON_NAME = AppIcon;
				ASSETCATALOG_COMPILER_GLOBAL_ACCENT_COLOR_NAME = AccentColor;
				CODE_SIGN_STYLE = Automatic;
				CURRENT_PROJECT_VERSION = 1;
				DEVELOPMENT_ASSET_PATHS = "\"Hike/Preview Content\"";
				DEVELOPMENT_TEAM = 4HPQY9M97K;
				ENABLE_PREVIEWS = YES;
				GENERATE_INFOPLIST_FILE = YES;
				INFOPLIST_KEY_UIApplicationSceneManifest_Generation = YES;
				INFOPLIST_KEY_UIApplicationSupportsIndirectInputEvents = YES;
				INFOPLIST_KEY_UILaunchScreen_Generation = YES;
				INFOPLIST_KEY_UISupportedInterfaceOrientations_iPad = "UIInterfaceOrientationPortrait UIInterfaceOrientationPortraitUpsideDown UIInterfaceOrientationLandscapeLeft UIInterfaceOrientationLandscapeRight";
				INFOPLIST_KEY_UISupportedInterfaceOrientations_iPhone = "UIInterfaceOrientationPortrait UIInterfaceOrientationLandscapeLeft UIInterfaceOrientationLandscapeRight";
				LD_RUNPATH_SEARCH_PATHS = (
					"$(inherited)",
					"@executable_path/Frameworks",
				);
				MARKETING_VERSION = 1.0;
				PRODUCT_BUNDLE_IDENTIFIER = com.hslab.Hike;
				PRODUCT_NAME = "$(TARGET_NAME)";
				SWIFT_EMIT_LOC_STRINGS = YES;
				SWIFT_VERSION = 5.0;
				TARGETED_DEVICE_FAMILY = "1,2";
			};
			name = Release;
		};
/* End XCBuildConfiguration section */

/* Begin XCConfigurationList section */
		B59F96012A81219100D583E4 /* Build configuration list for PBXProject "Hike" */ = {
			isa = XCConfigurationList;
			buildConfigurations = (
				B59F96122A81219200D583E4 /* Debug */,
				B59F96132A81219200D583E4 /* Release */,
			);
			defaultConfigurationIsVisible = 0;
			defaultConfigurationName = Release;
		};
		B59F96142A81219200D583E4 /* Build configuration list for PBXNativeTarget "Hike" */ = {
			isa = XCConfigurationList;
			buildConfigurations = (
				B59F96152A81219200D583E4 /* Debug */,
				B59F96162A81219200D583E4 /* Release */,
			);
			defaultConfigurationIsVisible = 0;
			defaultConfigurationName = Release;
		};
/* End XCConfigurationList section */
	};
	rootObject = B59F95FE2A81219100D583E4 /* Project object */;
}
